
Microsoft Visual Studio Solution File, Format Version 12.00
# Visual Studio Version 17
VisualStudioVersion = 17.0.31710.8
MinimumVisualStudioVersion = 10.0.40219.1
Project("{FAE04EC0-301F-11D3-BF4B-00C04F79EFBC}") = "Plugin.Demo.Hangfire", "Plugin.Demo.Hangfire\Plugin.Demo.Hangfire.csproj", "{20EB3367-0D3D-4835-BEAF-D722E7CDB001}"
EndProject
Global
	GlobalSection(SolutionConfigurationPlatforms) = preSolution
		Debug|Any CPU = Debug|Any CPU
		Release|Any CPU = Release|Any CPU
	EndGlobalSection
	GlobalSection(ProjectConfigurationPlatforms) = postSolution
		{20EB3367-0D3D-4835-BEAF-D722E7CDB001}.Debug|Any CPU.ActiveCfg = Debug|Any CPU
		{20EB3367-0D3D-4835-BEAF-D722E7CDB001}.Debug|Any CPU.Build.0 = Debug|Any CPU
		{20EB3367-0D3D-4835-BEAF-D722E7CDB001}.Release|Any CPU.ActiveCfg = Release|Any CPU
		{20EB3367-0D3D-4835-BEAF-D722E7CDB001}.Release|Any CPU.Build.0 = Release|Any CPU
	EndGlobalSection
	GlobalSection(SolutionProperties) = preSolution
		HideSolutionNode = FALSE
	EndGlobalSection
	GlobalSection(ExtensibilityGlobals) = postSolution
		SolutionGuid = {FEB8A42D-91E5-4035-8981-49F2AC33C527}
	EndGlobalSection
EndGlobal
